
Microsoft Visual Studio Solution File, Format Version 12.00
# Visual Studio Version 17
VisualStudioVersion = 17.9.34622.214
MinimumVisualStudioVersion = 10.0.40219.1
Project("{9A19103F-16F7-4668-BE54-9A1E7A4F7556}") = "CsharpPlayersGuide", "CsharpPlayersGuide\CsharpPlayersGuide.csproj", "{F1C38AAA-CE25-4225-B17F-9C5C04955515}"
EndProject
Project("{FAE04EC0-301F-11D3-BF4B-00C04F79EFBC}") = "ArrowMaker", "Arrow\ArrowMaker.csproj", "{3406ECB5-59C4-45D4-86EF-72F4B05394E5}"
EndProject
Project("{FAE04EC0-301F-11D3-BF4B-00C04F79EFBC}") = "CSharpPlayersGuide.Tests", "CSharpPlayersGuide.Tests\CSharpPlayersGuide.Tests.csproj", "{E43A529E-48B8-426E-B30A-2370AB7C7557}"
EndProject
Global
	GlobalSection(SolutionConfigurationPlatforms) = preSolution
		Debug|Any CPU = Debug|Any CPU
		Release|Any CPU = Release|Any CPU
	EndGlobalSection
	GlobalSection(ProjectConfigurationPlatforms) = postSolution
		{F1C38AAA-CE25-4225-B17F-9C5C04955515}.Debug|Any CPU.ActiveCfg = Debug|Any CPU
		{F1C38AAA-CE25-4225-B17F-9C5C04955515}.Debug|Any CPU.Build.0 = Debug|Any CPU
		{F1C38AAA-CE25-4225-B17F-9C5C04955515}.Release|Any CPU.ActiveCfg = Release|Any CPU
		{F1C38AAA-CE25-4225-B17F-9C5C04955515}.Release|Any CPU.Build.0 = Release|Any CPU
		{3406ECB5-59C4-45D4-86EF-72F4B05394E5}.Debug|Any CPU.ActiveCfg = Debug|Any CPU
		{3406ECB5-59C4-45D4-86EF-72F4B05394E5}.Debug|Any CPU.Build.0 = Debug|Any CPU
		{3406ECB5-59C4-45D4-86EF-72F4B05394E5}.Release|Any CPU.ActiveCfg = Release|Any CPU
		{3406ECB5-59C4-45D4-86EF-72F4B05394E5}.Release|Any CPU.Build.0 = Release|Any CPU
		{E43A529E-48B8-426E-B30A-2370AB7C7557}.Debug|Any CPU.ActiveCfg = Debug|Any CPU
		{E43A529E-48B8-426E-B30A-2370AB7C7557}.Debug|Any CPU.Build.0 = Debug|Any CPU
		{E43A529E-48B8-426E-B30A-2370AB7C7557}.Release|Any CPU.ActiveCfg = Release|Any CPU
		{E43A529E-48B8-426E-B30A-2370AB7C7557}.Release|Any CPU.Build.0 = Release|Any CPU
	EndGlobalSection
	GlobalSection(SolutionProperties) = preSolution
		HideSolutionNode = FALSE
	EndGlobalSection
	GlobalSection(ExtensibilityGlobals) = postSolution
		SolutionGuid = {EB90680F-BF2F-4B7A-9ED6-2F9429BCDB25}
	EndGlobalSection
EndGlobal
